
Microsoft Visual Studio Solution File, Format Version 12.00
# Visual Studio Version 17
VisualStudioVersion = 17.9.34622.214
MinimumVisualStudioVersion = 10.0.40219.1
Project("{FAE04EC0-301F-11D3-BF4B-00C04F79EFBC}") = "MinigameOlympia", "MinigameOlympia.csproj", "{8A7779F8-7466-4A8C-BF6A-E16650BC54DB}"
EndProject
Global
	GlobalSection(SolutionConfigurationPlatforms) = preSolution
		Debug|Any CPU = Debug|Any CPU
		Release|Any CPU = Release|Any CPU
	EndGlobalSection
	GlobalSection(ProjectConfigurationPlatforms) = postSolution
		{8A7779F8-7466-4A8C-BF6A-E16650BC54DB}.Debug|Any CPU.ActiveCfg = Debug|Any CPU
		{8A7779F8-7466-4A8C-BF6A-E16650BC54DB}.Debug|Any CPU.Build.0 = Debug|Any CPU
		{8A7779F8-7466-4A8C-BF6A-E16650BC54DB}.Release|Any CPU.ActiveCfg = Release|Any CPU
		{8A7779F8-7466-4A8C-BF6A-E16650BC54DB}.Release|Any CPU.Build.0 = Release|Any CPU
	EndGlobalSection
	GlobalSection(SolutionProperties) = preSolution
		HideSolutionNode = FALSE
	EndGlobalSection
	GlobalSection(ExtensibilityGlobals) = postSolution
		SolutionGuid = {4E65C6E1-25FF-40E5-A2AE-33620EC84C63}
	EndGlobalSection
EndGlobal
