
Microsoft Visual Studio Solution File, Format Version 12.00
# Visual Studio Version 17
VisualStudioVersion = 17.10.34916.146
MinimumVisualStudioVersion = 10.0.40219.1
Project("{FAE04EC0-301F-11D3-BF4B-00C04F79EFBC}") = "Server", "Server\Server.csproj", "{056C2178-FDF5-49A2-A06E-0C093C6B07E1}"
EndProject
Global
	GlobalSection(SolutionConfigurationPlatforms) = preSolution
		Debug|Any CPU = Debug|Any CPU
		Release|Any CPU = Release|Any CPU
	EndGlobalSection
	GlobalSection(ProjectConfigurationPlatforms) = postSolution
		{056C2178-FDF5-49A2-A06E-0C093C6B07E1}.Debug|Any CPU.ActiveCfg = Debug|Any CPU
		{056C2178-FDF5-49A2-A06E-0C093C6B07E1}.Debug|Any CPU.Build.0 = Debug|Any CPU
		{056C2178-FDF5-49A2-A06E-0C093C6B07E1}.Release|Any CPU.ActiveCfg = Release|Any CPU
		{056C2178-FDF5-49A2-A06E-0C093C6B07E1}.Release|Any CPU.Build.0 = Release|Any CPU
	EndGlobalSection
	GlobalSection(SolutionProperties) = preSolution
		HideSolutionNode = FALSE
	EndGlobalSection
	GlobalSection(ExtensibilityGlobals) = postSolution
		SolutionGuid = {D0641B42-5C31-4F83-8ABA-935EFD15D3B1}
	EndGlobalSection
EndGlobal
